
Microsoft Visual Studio Solution File, Format Version 12.00
# Visual Studio Version 17
VisualStudioVersion = 17.10.34928.147
MinimumVisualStudioVersion = 10.0.40219.1
Project("{FAE04EC0-301F-11D3-BF4B-00C04F79EFBC}") = "Proyecto Modelo", "Proyecto Modelo\Proyecto Modelo.csproj", "{AC67B4FA-A64B-40F6-BC27-82B0C5187817}"
EndProject
Project("{FAE04EC0-301F-11D3-BF4B-00C04F79EFBC}") = "ProyectoData", "ProyectoData\ProyectoData.csproj", "{45A1BA12-22BA-45F7-8FAC-32AE76A26EBB}"
EndProject
Project("{FAE04EC0-301F-11D3-BF4B-00C04F79EFBC}") = "ProyectoWebApii", "ProyectoWebApii\ProyectoWebApii.csproj", "{BB663A32-8058-43C4-B6B6-221105AB2B53}"
EndProject
Global
	GlobalSection(SolutionConfigurationPlatforms) = preSolution
		Debug|Any CPU = Debug|Any CPU
		Release|Any CPU = Release|Any CPU
	EndGlobalSection
	GlobalSection(ProjectConfigurationPlatforms) = postSolution
		{AC67B4FA-A64B-40F6-BC27-82B0C5187817}.Debug|Any CPU.ActiveCfg = Debug|Any CPU
		{AC67B4FA-A64B-40F6-BC27-82B0C5187817}.Debug|Any CPU.Build.0 = Debug|Any CPU
		{AC67B4FA-A64B-40F6-BC27-82B0C5187817}.Release|Any CPU.ActiveCfg = Release|Any CPU
		{AC67B4FA-A64B-40F6-BC27-82B0C5187817}.Release|Any CPU.Build.0 = Release|Any CPU
		{45A1BA12-22BA-45F7-8FAC-32AE76A26EBB}.Debug|Any CPU.ActiveCfg = Debug|Any CPU
		{45A1BA12-22BA-45F7-8FAC-32AE76A26EBB}.Debug|Any CPU.Build.0 = Debug|Any CPU
		{45A1BA12-22BA-45F7-8FAC-32AE76A26EBB}.Release|Any CPU.ActiveCfg = Release|Any CPU
		{45A1BA12-22BA-45F7-8FAC-32AE76A26EBB}.Release|Any CPU.Build.0 = Release|Any CPU
		{BB663A32-8058-43C4-B6B6-221105AB2B53}.Debug|Any CPU.ActiveCfg = Debug|Any CPU
		{BB663A32-8058-43C4-B6B6-221105AB2B53}.Debug|Any CPU.Build.0 = Debug|Any CPU
		{BB663A32-8058-43C4-B6B6-221105AB2B53}.Release|Any CPU.ActiveCfg = Release|Any CPU
		{BB663A32-8058-43C4-B6B6-221105AB2B53}.Release|Any CPU.Build.0 = Release|Any CPU
	EndGlobalSection
	GlobalSection(SolutionProperties) = preSolution
		HideSolutionNode = FALSE
	EndGlobalSection
	GlobalSection(ExtensibilityGlobals) = postSolution
		SolutionGuid = {DC93CB66-71DE-463A-8E15-89A050E986E0}
	EndGlobalSection
EndGlobal
